{
  "name": "ajs-node",
  "version": "1.0.0",
  "lockfileVersion": 2,
  "requires": true,
  "packages": {
    "": {
      "name": "ajs-node",
      "version": "1.0.0",
      "license": "ISC",
      "dependencies": {
        "@yulia-sm1999/ajs": "github:yulia-sm1999/ajs"
      }
    },
    "node_modules/@yulia-sm1999/ajs": {
      "version": "1.0.0",
      "resolved": "git+ssh://git@github.com/yulia-sm1999/ajs.git#ea4baa5b4141d824666b11e9df5b3be7b38e1183",
      "license": "ISC"
    }
  },
  "dependencies": {
    "@yulia-sm1999/ajs": {
      "version": "git+ssh://git@github.com/yulia-sm1999/ajs.git#ea4baa5b4141d824666b11e9df5b3be7b38e1183",
      "from": "@yulia-sm1999/ajs@https://github.com/yulia-sm1999/ajs"
    }
  }
}
